
Microsoft Visual Studio Solution File, Format Version 12.00
# Visual Studio Version 16
VisualStudioVersion = 16.0.29613.14
MinimumVisualStudioVersion = 10.0.40219.1
Project("{FAE04EC0-301F-11D3-BF4B-00C04F79EFBC}") = "DatingApp.API", "DatingApp.API\DatingApp.API.csproj", "{764840E8-1C27-49FC-9EAC-01CB5822378C}"
EndProject
Project("{FAE04EC0-301F-11D3-BF4B-00C04F79EFBC}") = "SecurityHelpers", "SecurityHelper\SecurityHelpers.csproj", "{67EA88E4-1638-47B4-99E4-278656215B12}"
EndProject
Global
	GlobalSection(SolutionConfigurationPlatforms) = preSolution
		Debug|Any CPU = Debug|Any CPU
		Release|Any CPU = Release|Any CPU
	EndGlobalSection
	GlobalSection(ProjectConfigurationPlatforms) = postSolution
		{764840E8-1C27-49FC-9EAC-01CB5822378C}.Debug|Any CPU.ActiveCfg = Debug|Any CPU
		{764840E8-1C27-49FC-9EAC-01CB5822378C}.Debug|Any CPU.Build.0 = Debug|Any CPU
		{764840E8-1C27-49FC-9EAC-01CB5822378C}.Release|Any CPU.ActiveCfg = Release|Any CPU
		{764840E8-1C27-49FC-9EAC-01CB5822378C}.Release|Any CPU.Build.0 = Release|Any CPU
		{67EA88E4-1638-47B4-99E4-278656215B12}.Debug|Any CPU.ActiveCfg = Debug|Any CPU
		{67EA88E4-1638-47B4-99E4-278656215B12}.Debug|Any CPU.Build.0 = Debug|Any CPU
		{67EA88E4-1638-47B4-99E4-278656215B12}.Release|Any CPU.ActiveCfg = Release|Any CPU
		{67EA88E4-1638-47B4-99E4-278656215B12}.Release|Any CPU.Build.0 = Release|Any CPU
	EndGlobalSection
	GlobalSection(SolutionProperties) = preSolution
		HideSolutionNode = FALSE
	EndGlobalSection
	GlobalSection(ExtensibilityGlobals) = postSolution
		SolutionGuid = {4AC7EC7B-54D5-4A76-8FA2-CD16FC2F14B1}
	EndGlobalSection
EndGlobal
